Microsoft Visual Studio Solution File, Format Version 12.00
# Visual Studio Version 17
VisualStudioVersion = 17.5.2.0
MinimumVisualStudioVersion = 10.0.40219.1
Project("{FAE04EC0-301F-11D3-BF4B-00C04F79EFBC}") = "MediaOrganizer", "MediaOrganizer.csproj", "{4313765D-D3D4-7C48-C1A7-4DA6040D44EF}"
EndProject
Global
	GlobalSection(SolutionConfigurationPlatforms) = preSolution
		Debug|Any CPU = Debug|Any CPU
		Release|Any CPU = Release|Any CPU
	EndGlobalSection
	GlobalSection(ProjectConfigurationPlatforms) = postSolution
		{4313765D-D3D4-7C48-C1A7-4DA6040D44EF}.Debug|Any CPU.ActiveCfg = Debug|Any CPU
		{4313765D-D3D4-7C48-C1A7-4DA6040D44EF}.Debug|Any CPU.Build.0 = Debug|Any CPU
		{4313765D-D3D4-7C48-C1A7-4DA6040D44EF}.Release|Any CPU.ActiveCfg = Release|Any CPU
		{4313765D-D3D4-7C48-C1A7-4DA6040D44EF}.Release|Any CPU.Build.0 = Release|Any CPU
	EndGlobalSection
	GlobalSection(SolutionProperties) = preSolution
		HideSolutionNode = FALSE
	EndGlobalSection
	GlobalSection(ExtensibilityGlobals) = postSolution
		SolutionGuid = {489A2DA8-09D7-4F89-AADC-0510B0464A58}
	EndGlobalSection
EndGlobal
